
Microsoft Visual Studio Solution File, Format Version 12.00
# Visual Studio Version 16
VisualStudioVersion = 16.0.31515.178
MinimumVisualStudioVersion = 10.0.40219.1
Project("{FAE04EC0-301F-11D3-BF4B-00C04F79EFBC}") = "AddressBookUsingLambda", "AddressBookUsingLambda\AddressBookUsingLambda.csproj", "{0AAF6EFA-1F51-4163-A660-0B9757571F2E}"
EndProject
Global
	GlobalSection(SolutionConfigurationPlatforms) = preSolution
		Debug|Any CPU = Debug|Any CPU
		Release|Any CPU = Release|Any CPU
	EndGlobalSection
	GlobalSection(ProjectConfigurationPlatforms) = postSolution
		{0AAF6EFA-1F51-4163-A660-0B9757571F2E}.Debug|Any CPU.ActiveCfg = Debug|Any CPU
		{0AAF6EFA-1F51-4163-A660-0B9757571F2E}.Debug|Any CPU.Build.0 = Debug|Any CPU
		{0AAF6EFA-1F51-4163-A660-0B9757571F2E}.Release|Any CPU.ActiveCfg = Release|Any CPU
		{0AAF6EFA-1F51-4163-A660-0B9757571F2E}.Release|Any CPU.Build.0 = Release|Any CPU
	EndGlobalSection
	GlobalSection(SolutionProperties) = preSolution
		HideSolutionNode = FALSE
	EndGlobalSection
	GlobalSection(ExtensibilityGlobals) = postSolution
		SolutionGuid = {757B8FA9-92D6-415D-83D1-BCF9F2283C21}
	EndGlobalSection
EndGlobal
